// !$*UTF8*$!
{
	archiveVersion = 1;
	classes = {
	};
	objectVersion = 90;
	objects = {

/* Begin PBXContainerItemProxy section */
		FCCF3A892F7D7E9800F933EC /* PBXContainerItemProxy */ = {
			isa = PBXContainerItemProxy;
			containerPortal = FCF9C4E12E7ADA4000013E27 /* Project object */;
			proxyType = 1;
			remoteGlobalIDString = FCF9C4E82E7ADA4000013E27;
			remoteInfo = PocketPrefs;
		};
/* End PBXContainerItemProxy section */

/* Begin PBXFileReference section */
		FCCF3A852F7D7E9800F933EC /* PocketPrefsTests.xctest */ = {isa = PBXFileReference; explicitFileType = wrapper.cfbundle; includeInIndex = 0; path = PocketPrefsTests.xctest; sourceTree = BUILT_PRODUCTS_DIR; };
		FCF9C4E92E7ADA4000013E27 /* PocketPrefs.app */ = {isa = PBXFileReference; explicitFileType = wrapper.application; includeInIndex = 0; path = PocketPrefs.app; sourceTree = BUILT_PRODUCTS_DIR; };
/* End PBXFileReference section */

/* Begin PBXFileSystemSynchronizedRootGroup section */
		FC2DBB912F7836340051C60B /* PocketPrefs */ = {
			isa = PBXFileSystemSynchronizedRootGroup;
			path = PocketPrefs;
			sourceTree = "<group>";
		};
		FCCF3A862F7D7E9800F933EC /* PocketPrefsTests */ = {
			isa = PBXFileSystemSynchronizedRootGroup;
			path = PocketPrefsTests;
			sourceTree = "<group>";
		};
/* End PBXFileSystemSynchronizedRootGroup section */

/* Begin PBXFrameworksBuildPhase section */
		FCCF3A822F7D7E9800F933EC /* Frameworks */ = {
			isa = PBXFrameworksBuildPhase;
			files = (
			);
		};
		FCF9C4E62E7ADA4000013E27 /* Frameworks */ = {
			isa = PBXFrameworksBuildPhase;
			files = (
			);
		};
/* End PBXFrameworksBuildPhase section */

/* Begin PBXGroup section */
		FCF9C4E02E7ADA4000013E27 = {
			isa = PBXGroup;
			children = (
				FC2DBB912F7836340051C60B /* PocketPrefs */,
				FCCF3A862F7D7E9800F933EC /* PocketPrefsTests */,
				FCF9C4EA2E7ADA4000013E27 /* Products */,
			);
			sourceTree = "<group>";
		};
		FCF9C4EA2E7ADA4000013E27 /* Products */ = {
			isa = PBXGroup;
			children = (
				FCF9C4E92E7ADA4000013E27 /* PocketPrefs.app */,
				FCCF3A852F7D7E9800F933EC /* PocketPrefsTests.xctest */,
			);
			name = Products;
			sourceTree = "<group>";
		};
/* End PBXGroup section */

/* Begin PBXNativeTarget section */
		FCCF3A842F7D7E9800F933EC /* PocketPrefsTests */ = {
			isa = PBXNativeTarget;
			buildConfigurationList = FCCF3A8D2F7D7E9800F933EC /* Build configuration list for PBXNativeTarget "PocketPrefsTests" */;
			buildPhases = (
				FCCF3A812F7D7E9800F933EC /* Sources */,
				FCCF3A822F7D7E9800F933EC /* Frameworks */,
				FCCF3A832F7D7E9800F933EC /* Resources */,
			);
			buildRules = (
			);
			dependencies = (
				FCCF3A8A2F7D7E9800F933EC /* PBXTargetDependency */,
			);
			fileSystemSynchronizedGroups = (
				FCCF3A862F7D7E9800F933EC /* PocketPrefsTests */,
			);
			name = PocketPrefsTests;
			productName = PocketPrefsTests;
			productReference = FCCF3A852F7D7E9800F933EC /* PocketPrefsTests.xctest */;
			productType = "com.apple.product-type.bundle.unit-test";
		};
		FCF9C4E82E7ADA4000013E27 /* PocketPrefs */ = {
			isa = PBXNativeTarget;
			buildConfigurationList = FCF9C4F52E7ADA4200013E27 /* Build configuration list for PBXNativeTarget "PocketPrefs" */;
			buildPhases = (
				FCF9C4E52E7ADA4000013E27 /* Sources */,
				FCF9C4E62E7ADA4000013E27 /* Frameworks */,
				FCF9C4E72E7ADA4000013E27 /* Resources */,
			);
			buildRules = (
			);
			fileSystemSynchronizedGroups = (
				FC2DBB912F7836340051C60B /* PocketPrefs */,
			);
			name = PocketPrefs;
			productName = PocketPrefs;
			productReference = FCF9C4E92E7ADA4000013E27 /* PocketPrefs.app */;
			productType = "com.apple.product-type.application";
		};
/* End PBXNativeTarget section */

/* Begin PBXProject section */
		FCF9C4E12E7ADA4000013E27 /* Project object */ = {
			isa = PBXProject;
			attributes = {
				BuildIndependentTargetsInParallel = 1;
				LastSwiftUpdateCheck = 2630;
				LastUpgradeCheck = 2630;
				TargetAttributes = {
					FCCF3A842F7D7E9800F933EC = {
						CreatedOnToolsVersion = 26.3;
						TestTargetID = FCF9C4E82E7ADA4000013E27;
					};
					FCF9C4E82E7ADA4000013E27 = {
						CreatedOnToolsVersion = 16.4;
					};
				};
			};
			buildConfigurationList = FCF9C4E42E7ADA4000013E27 /* Build configuration list for PBXProject "PocketPrefs" */;
			developmentRegion = en;
			hasScannedForEncodings = 0;
			knownRegions = (
				en,
				"zh-Hans",
				Base,
			);
			mainGroup = FCF9C4E02E7ADA4000013E27;
			minimizedProjectReferenceProxies = 1;
			preferredProjectObjectVersion = 90;
			productRefGroup = FCF9C4EA2E7ADA4000013E27 /* Products */;
			projectDirPath = "";
			projectRoot = "";
			targets = (
				FCF9C4E82E7ADA4000013E27 /* PocketPrefs */,
				FCCF3A842F7D7E9800F933EC /* PocketPrefsTests */,
			);
		};
/* End PBXProject section */

/* Begin PBXResourcesBuildPhase section */
		FCCF3A832F7D7E9800F933EC /* Resources */ = {
			isa = PBXResourcesBuildPhase;
			files = (
			);
		};
		FCF9C4E72E7ADA4000013E27 /* Resources */ = {
			isa = PBXResourcesBuildPhase;
			files = (
			);
		};
/* End PBXResourcesBuildPhase section */

/* Begin PBXSourcesBuildPhase section */
		FCCF3A812F7D7E9800F933EC /* Sources */ = {
			isa = PBXSourcesBuildPhase;
			files = (
			);
		};
		FCF9C4E52E7ADA4000013E27 /* Sources */ = {
			isa = PBXSourcesBuildPhase;
			files = (
			);
		};
/* End PBXSourcesBuildPhase section */

/* Begin PBXTargetDependency section */
		FCCF3A8A2F7D7E9800F933EC /* PBXTargetDependency */ = {
			isa = PBXTargetDependency;
			target = FCF9C4E82E7ADA4000013E27 /* PocketPrefs */;
			targetProxy = FCCF3A892F7D7E9800F933EC /* PBXContainerItemProxy */;
		};
/* End PBXTargetDependency section */

/* Begin XCBuildConfiguration section */
		FCCF3A8B2F7D7E9800F933EC /* Debug configuration for PBXNativeTarget "PocketPrefsTests" */ = {
			isa = XCBuildConfiguration;
			buildSettings = {
				BUNDLE_LOADER = "$(TEST_HOST)";
				CODE_SIGN_STYLE = Automatic;
				CURRENT_PROJECT_VERSION = 1;
				DEVELOPMENT_TEAM = 2XCFSMR77F;
				GENERATE_INFOPLIST_FILE = YES;
				MACOSX_DEPLOYMENT_TARGET = 15.7;
				MARKETING_VERSION = 1.0;
				PRODUCT_BUNDLE_IDENTIFIER = me2.PocketPrefsTests;
				PRODUCT_NAME = "$(TARGET_NAME)";
				STRING_CATALOG_GENERATE_SYMBOLS = NO;
				SWIFT_APPROACHABLE_CONCURRENCY = YES;
				SWIFT_EMIT_LOC_STRINGS = NO;
				SWIFT_UPCOMING_FEATURE_MEMBER_IMPORT_VISIBILITY = YES;
				SWIFT_VERSION = 5.0;
				TEST_HOST = "$(BUILT_PRODUCTS_DIR)/PocketPrefs.app/$(BUNDLE_EXECUTABLE_FOLDER_PATH)/PocketPrefs";
			};
			name = Debug;
		};
		FCCF3A8C2F7D7E9800F933EC /* Release configuration for PBXNativeTarget "PocketPrefsTests" */ = {
			isa = XCBuildConfiguration;
			buildSettings = {
				BUNDLE_LOADER = "$(TEST_HOST)";
				CODE_SIGN_STYLE = Automatic;
				CURRENT_PROJECT_VERSION = 1;
				DEVELOPMENT_TEAM = 2XCFSMR77F;
				GENERATE_INFOPLIST_FILE = YES;
				MACOSX_DEPLOYMENT_TARGET = 15.7;
				MARKETING_VERSION = 1.0;
				PRODUCT_BUNDLE_IDENTIFIER = me2.PocketPrefsTests;
				PRODUCT_NAME = "$(TARGET_NAME)";
				STRING_CATALOG_GENERATE_SYMBOLS = NO;
				SWIFT_APPROACHABLE_CONCURRENCY = YES;
				SWIFT_EMIT_LOC_STRINGS = NO;
				SWIFT_UPCOMING_FEATURE_MEMBER_IMPORT_VISIBILITY = YES;
				SWIFT_VERSION = 5.0;
				TEST_HOST = "$(BUILT_PRODUCTS_DIR)/PocketPrefs.app/$(BUNDLE_EXECUTABLE_FOLDER_PATH)/PocketPrefs";
			};
			name = Release;
		};
		FCF9C4F32E7ADA4200013E27 /* Debug configuration for PBXProject "PocketPrefs" */ = {
			isa = XCBuildConfiguration;
			buildSettings = {
				ALWAYS_SEARCH_USER_PATHS = NO;
				ASSETCATALOG_COMPILER_GENERATE_SWIFT_ASSET_SYMBOL_EXTENSIONS = YES;
				CLANG_ANALYZER_LOCALIZABILITY_NONLOCALIZED = YES;
				CLANG_ANALYZER_NONNULL = YES;
				CLANG_ANALYZER_NUMBER_OBJECT_CONVERSION = YES_AGGRESSIVE;
				CLANG_CXX_LANGUAGE_STANDARD = "gnu++20";
				CLANG_ENABLE_MODULES = YES;
				CLANG_ENABLE_OBJC_ARC = YES;
				CLANG_ENABLE_OBJC_WEAK = YES;
				CLANG_WARN_BLOCK_CAPTURE_AUTORELEASING = YES;
				CLANG_WARN_BOOL_CONVERSION = YES;
				CLANG_WARN_COMMA = YES;
				CLANG_WARN_CONSTANT_CONVERSION = YES;
				CLANG_WARN_DEPRECATED_OBJC_IMPLEMENTATIONS = YES;
				CLANG_WARN_DIRECT_OBJC_ISA_USAGE = YES_ERROR;
				CLANG_WARN_DOCUMENTATION_COMMENTS = YES;
				CLANG_WARN_EMPTY_BODY = YES;
				CLANG_WARN_ENUM_CONVERSION = YES;
				CLANG_WARN_INFINITE_RECURSION = YES;
				CLANG_WARN_INT_CONVERSION = YES;
				CLANG_WARN_NON_LITERAL_NULL_CONVERSION = YES;
				CLANG_WARN_OBJC_IMPLICIT_RETAIN_SELF = YES;
				CLANG_WARN_OBJC_LITERAL_CONVERSION = YES;
				CLANG_WARN_OBJC_ROOT_CLASS = YES_ERROR;
				CLANG_WARN_QUOTED_INCLUDE_IN_FRAMEWORK_HEADER = YES;
				CLANG_WARN_RANGE_LOOP_ANALYSIS = YES;
				CLANG_WARN_STRICT_PROTOTYPES = YES;
				CLANG_WARN_SUSPICIOUS_MOVE = YES;
				CLANG_WARN_UNGUARDED_AVAILABILITY = YES_AGGRESSIVE;
				CLANG_WARN_UNREACHABLE_CODE = YES;
				CLANG_WARN__DUPLICATE_METHOD_MATCH = YES;
				COPY_PHASE_STRIP = NO;
				DEAD_CODE_STRIPPING = YES;
				DEBUG_INFORMATION_FORMAT = dwarf;
				DEVELOPMENT_TEAM = 2XCFSMR77F;
				ENABLE_STRICT_OBJC_MSGSEND = YES;
				ENABLE_TESTABILITY = YES;
				ENABLE_USER_SCRIPT_SANDBOXING = YES;
				GCC_C_LANGUAGE_STANDARD = gnu17;
				GCC_DYNAMIC_NO_PIC = NO;
				GCC_GENERATE_DEBUGGING_SYMBOLS = NO;
				GCC_NO_COMMON_BLOCKS = YES;
				GCC_OPTIMIZATION_LEVEL = 0;
				GCC_PREPROCESSOR_DEFINITIONS = (
					"DEBUG=1",
					"$(inherited)",
				);
				GCC_SYMBOLS_PRIVATE_EXTERN = YES;
				GCC_WARN_64_TO_32_BIT_CONVERSION = YES;
				GCC_WARN_ABOUT_RETURN_TYPE = YES_ERROR;
				GCC_WARN_UNDECLARED_SELECTOR = YES;
				GCC_WARN_UNINITIALIZED_AUTOS = YES_AGGRESSIVE;
				GCC_WARN_UNUSED_FUNCTION = YES;
				GCC_WARN_UNUSED_VARIABLE = YES;
				LLVM_LTO = YES_THIN;
				LOCALIZATION_PREFERS_STRING_CATALOGS = YES;
				MACOSX_DEPLOYMENT_TARGET = 14.6;
				MTL_ENABLE_DEBUG_INFO = INCLUDE_SOURCE;
				MTL_FAST_MATH = YES;
				ONLY_ACTIVE_ARCH = YES;
				SDKROOT = macosx;
				STRING_CATALOG_GENERATE_SYMBOLS = YES;
				SWIFT_ACTIVE_COMPILATION_CONDITIONS = "DEBUG $(inherited)";
				SWIFT_EMIT_LOC_STRINGS = YES;
				SWIFT_OPTIMIZATION_LEVEL = "-Onone";
			};
			name = Debug;
		};
		FCF9C4F42E7ADA4200013E27 /* Release configuration for PBXProject "PocketPrefs" */ = {
			isa = XCBuildConfiguration;
			buildSettings = {
				ALWAYS_SEARCH_USER_PATHS = NO;
				ASSETCATALOG_COMPILER_GENERATE_SWIFT_ASSET_SYMBOL_EXTENSIONS = YES;
				CLANG_ANALYZER_LOCALIZABILITY_NONLOCALIZED = YES;
				CLANG_ANALYZER_NONNULL = YES;
				CLANG_ANALYZER_NUMBER_OBJECT_CONVERSION = YES_AGGRESSIVE;
				CLANG_CXX_LANGUAGE_STANDARD = "gnu++20";
				CLANG_ENABLE_MODULES = YES;
				CLANG_ENABLE_OBJC_ARC = YES;
				CLANG_ENABLE_OBJC_WEAK = YES;
				CLANG_WARN_BLOCK_CAPTURE_AUTORELEASING = YES;
				CLANG_WARN_BOOL_CONVERSION = YES;
				CLANG_WARN_COMMA = YES;
				CLANG_WARN_CONSTANT_CONVERSION = YES;
				CLANG_WARN_DEPRECATED_OBJC_IMPLEMENTATIONS = YES;
				CLANG_WARN_DIRECT_OBJC_ISA_USAGE = YES_ERROR;
				CLANG_WARN_DOCUMENTATION_COMMENTS = YES;
				CLANG_WARN_EMPTY_BODY = YES;
				CLANG_WARN_ENUM_CONVERSION = YES;
				CLANG_WARN_INFINITE_RECURSION = YES;
				CLANG_WARN_INT_CONVERSION = YES;
				CLANG_WARN_NON_LITERAL_NULL_CONVERSION = YES;
				CLANG_WARN_OBJC_IMPLICIT_RETAIN_SELF = YES;
				CLANG_WARN_OBJC_LITERAL_CONVERSION = YES;
				CLANG_WARN_OBJC_ROOT_CLASS = YES_ERROR;
				CLANG_WARN_QUOTED_INCLUDE_IN_FRAMEWORK_HEADER = YES;
				CLANG_WARN_RANGE_LOOP_ANALYSIS = YES;
				CLANG_WARN_STRICT_PROTOTYPES = YES;
				CLANG_WARN_SUSPICIOUS_MOVE = YES;
				CLANG_WARN_UNGUARDED_AVAILABILITY = YES_AGGRESSIVE;
				CLANG_WARN_UNREACHABLE_CODE = YES;
				CLANG_WARN__DUPLICATE_METHOD_MATCH = YES;
				COPY_PHASE_STRIP = NO;
				DEAD_CODE_STRIPPING = YES;
				DEBUG_INFORMATION_FORMAT = "dwarf-with-dsym";
				DEVELOPMENT_TEAM = 2XCFSMR77F;
				ENABLE_NS_ASSERTIONS = NO;
				ENABLE_STRICT_OBJC_MSGSEND = YES;
				ENABLE_USER_SCRIPT_SANDBOXING = YES;
				GCC_C_LANGUAGE_STANDARD = gnu17;
				GCC_GENERATE_DEBUGGING_SYMBOLS = NO;
				GCC_NO_COMMON_BLOCKS = YES;
				GCC_SYMBOLS_PRIVATE_EXTERN = YES;
				GCC_WARN_64_TO_32_BIT_CONVERSION = YES;
				GCC_WARN_ABOUT_RETURN_TYPE = YES_ERROR;
				GCC_WARN_UNDECLARED_SELECTOR = YES;
				GCC_WARN_UNINITIALIZED_AUTOS = YES_AGGRESSIVE;
				GCC_WARN_UNUSED_FUNCTION = YES;
				GCC_WARN_UNUSED_VARIABLE = YES;
				LLVM_LTO = YES;
				LOCALIZATION_PREFERS_STRING_CATALOGS = YES;
				MACOSX_DEPLOYMENT_TARGET = 14.6;
				MTL_ENABLE_DEBUG_INFO = NO;
				MTL_FAST_MATH = YES;
				SDKROOT = macosx;
				STRING_CATALOG_GENERATE_SYMBOLS = YES;
				SWIFT_COMPILATION_MODE = wholemodule;
				SWIFT_EMIT_LOC_STRINGS = YES;
			};
			name = Release;
		};
		FCF9C4F62E7ADA4200013E27 /* Debug configuration for PBXNativeTarget "PocketPrefs" */ = {
			isa = XCBuildConfiguration;
			buildSettings = {
				ARCHS = x86_64;
				ASSETCATALOG_COMPILER_APPICON_NAME = AppIcon;
				ASSETCATALOG_COMPILER_GLOBAL_ACCENT_COLOR_NAME = AccentColor;
				CODE_SIGN_ENTITLEMENTS = PocketPrefs/PocketPrefs.entitlements;
				"CODE_SIGN_IDENTITY[sdk=macosx*]" = "-";
				CODE_SIGN_STYLE = Automatic;
				COMBINE_HIDPI_IMAGES = YES;
				CURRENT_PROJECT_VERSION = 20260424;
				DEAD_CODE_STRIPPING = YES;
				DEPLOYMENT_POSTPROCESSING = YES;
				DEVELOPMENT_TEAM = 2XCFSMR77F;
				ENABLE_HARDENED_RUNTIME = YES;
				ENABLE_PREVIEWS = YES;
				GCC_GENERATE_DEBUGGING_SYMBOLS = NO;
				GENERATE_INFOPLIST_FILE = YES;
				INFOPLIST_FILE = PocketPrefs/Info.plist;
				INFOPLIST_KEY_CFBundleDisplayName = PocketPrefs;
				INFOPLIST_KEY_LSApplicationCategoryType = "public.app-category.utilities";
				INFOPLIST_KEY_NSDocumentsFolderUsageDescription = "PocketPrefs 需要访问文档目录来保存备份文件";
				INFOPLIST_KEY_NSHumanReadableCopyright = "";
				LD_RUNPATH_SEARCH_PATHS = (
					"$(inherited)",
					"@executable_path/../Frameworks",
				);
				LLVM_LTO = YES;
				MACOSX_DEPLOYMENT_TARGET = 14.0;
				MARKETING_VERSION = 1.4.0;
				PRODUCT_BUNDLE_IDENTIFIER = com.me2.PocketPrefs;
				PRODUCT_NAME = "$(TARGET_NAME)";
				REGISTER_APP_GROUPS = YES;
				SDKROOT = macosx26.2;
				SWIFT_EMIT_LOC_STRINGS = YES;
				SWIFT_VERSION = 6.0;
			};
			name = Debug;
		};
		FCF9C4F72E7ADA4200013E27 /* Release configuration for PBXNativeTarget "PocketPrefs" */ = {
			isa = XCBuildConfiguration;
			buildSettings = {
				ARCHS = x86_64;
				ASSETCATALOG_COMPILER_APPICON_NAME = AppIcon;
				ASSETCATALOG_COMPILER_GLOBAL_ACCENT_COLOR_NAME = AccentColor;
				CODE_SIGN_ENTITLEMENTS = PocketPrefs/PocketPrefs.entitlements;
				"CODE_SIGN_IDENTITY[sdk=macosx*]" = "-";
				CODE_SIGN_STYLE = Automatic;
				COMBINE_HIDPI_IMAGES = YES;
				CURRENT_PROJECT_VERSION = 20260424;
				DEAD_CODE_STRIPPING = YES;
				DEPLOYMENT_POSTPROCESSING = YES;
				DEVELOPMENT_TEAM = 2XCFSMR77F;
				ENABLE_HARDENED_RUNTIME = YES;
				ENABLE_PREVIEWS = YES;
				GCC_GENERATE_DEBUGGING_SYMBOLS = NO;
				GCC_OPTIMIZATION_LEVEL = 3;
				GENERATE_INFOPLIST_FILE = YES;
				INFOPLIST_FILE = PocketPrefs/Info.plist;
				INFOPLIST_KEY_CFBundleDisplayName = PocketPrefs;
				INFOPLIST_KEY_LSApplicationCategoryType = "public.app-category.utilities";
				INFOPLIST_KEY_NSDocumentsFolderUsageDescription = "PocketPrefs 需要访问文档目录来保存备份文件";
				INFOPLIST_KEY_NSHumanReadableCopyright = "";
				LD_RUNPATH_SEARCH_PATHS = (
					"$(inherited)",
					"@executable_path/../Frameworks",
				);
				LLVM_LTO = YES;
				MACOSX_DEPLOYMENT_TARGET = 14.0;
				MARKETING_VERSION = 1.4.0;
				ONLY_ACTIVE_ARCH = YES;
				PRODUCT_BUNDLE_IDENTIFIER = com.me2.PocketPrefs;
				PRODUCT_NAME = "$(TARGET_NAME)";
				REGISTER_APP_GROUPS = YES;
				SDKROOT = macosx26.2;
				SWIFT_EMIT_LOC_STRINGS = YES;
				SWIFT_VERSION = 6.0;
			};
			name = Release;
		};
/* End XCBuildConfiguration section */

/* Begin XCConfigurationList section */
		FCCF3A8D2F7D7E9800F933EC /* Build configuration list for PBXNativeTarget "PocketPrefsTests" */ = {
			isa = XCConfigurationList;
			buildConfigurations = (
				FCCF3A8B2F7D7E9800F933EC /* Debug configuration for PBXNativeTarget "PocketPrefsTests" */,
				FCCF3A8C2F7D7E9800F933EC /* Release configuration for PBXNativeTarget "PocketPrefsTests" */,
			);
			defaultConfigurationName = Release;
		};
		FCF9C4E42E7ADA4000013E27 /* Build configuration list for PBXProject "PocketPrefs" */ = {
			isa = XCConfigurationList;
			buildConfigurations = (
				FCF9C4F32E7ADA4200013E27 /* Debug configuration for PBXProject "PocketPrefs" */,
				FCF9C4F42E7ADA4200013E27 /* Release configuration for PBXProject "PocketPrefs" */,
			);
			defaultConfigurationName = Release;
		};
		FCF9C4F52E7ADA4200013E27 /* Build configuration list for PBXNativeTarget "PocketPrefs" */ = {
			isa = XCConfigurationList;
			buildConfigurations = (
				FCF9C4F62E7ADA4200013E27 /* Debug configuration for PBXNativeTarget "PocketPrefs" */,
				FCF9C4F72E7ADA4200013E27 /* Release configuration for PBXNativeTarget "PocketPrefs" */,
			);
			defaultConfigurationName = Release;
		};
/* End XCConfigurationList section */
	};
	rootObject = FCF9C4E12E7ADA4000013E27 /* Project object */;
}
